
Microsoft Visual Studio Solution File, Format Version 12.00
# Visual Studio Version 17
VisualStudioVersion = 17.2.32630.192
MinimumVisualStudioVersion = 10.0.40219.1
Project("{9A19103F-16F7-4668-BE54-9A1E7A4F7556}") = "Moonglade.Web", "src\Moonglade.Web\Moonglade.Web.csproj", "{880D4FD7-D4CC-4A3A-B95E-B2A69A2CF6C3}"
EndProject
Project("{9A19103F-16F7-4668-BE54-9A1E7A4F7556}") = "Moonglade.Domain", "src\Moonglade.Domain\Moonglade.Domain.csproj", "{9E5DCADF-1267-4432-8C98-20E25E5B1838}"
EndProject
Project("{9A19103F-16F7-4668-BE54-9A1E7A4F7556}") = "Moonglade.Domain.Shared", "src\Moonglade.Domain.Shared\Moonglade.Domain.Shared.csproj", "{CD517BE8-1AC6-44D8-98B9-6DAC4F168BF5}"
EndProject
Project("{9A19103F-16F7-4668-BE54-9A1E7A4F7556}") = "Moonglade.Application", "src\Moonglade.Application\Moonglade.Application.csproj", "{93A3CFFD-39A6-4991-8481-27AA98A4D3FE}"
EndProject
Project("{9A19103F-16F7-4668-BE54-9A1E7A4F7556}") = "Moonglade.Application.Contracts", "src\Moonglade.Application.Contracts\Moonglade.Application.Contracts.csproj", "{EB03D391-E47B-4952-838D-0203389D01A0}"
EndProject
Project("{9A19103F-16F7-4668-BE54-9A1E7A4F7556}") = "Moonglade.EntityFrameworkCore", "src\Moonglade.EntityFrameworkCore\Moonglade.EntityFrameworkCore.csproj", "{DC58A04D-028A-47D9-A350-0F2245EB789C}"
EndProject
Project("{9A19103F-16F7-4668-BE54-9A1E7A4F7556}") = "Moonglade.EntityFrameworkCore.Migrations", "src\Moonglade.EntityFrameworkCore.Migrations\Moonglade.EntityFrameworkCore.Migrations.csproj", "{5D7024F1-414E-496A-B75D-E76B97BD8BF1}"
EndProject
Project("{FAE04EC0-301F-11D3-BF4B-00C04F79EFBC}") = "Moonglade.WebApi", "src\Moonglade.WebApi\Moonglade.WebApi.csproj", "{81BD94A2-BD3D-4FD9-95A2-64DA44FF098C}"
EndProject
Global
	GlobalSection(SolutionConfigurationPlatforms) = preSolution
		Debug|Any CPU = Debug|Any CPU
		Release|Any CPU = Release|Any CPU
	EndGlobalSection
	GlobalSection(ProjectConfigurationPlatforms) = postSolution
		{880D4FD7-D4CC-4A3A-B95E-B2A69A2CF6C3}.Debug|Any CPU.ActiveCfg = Debug|Any CPU
		{880D4FD7-D4CC-4A3A-B95E-B2A69A2CF6C3}.Debug|Any CPU.Build.0 = Debug|Any CPU
		{880D4FD7-D4CC-4A3A-B95E-B2A69A2CF6C3}.Release|Any CPU.ActiveCfg = Release|Any CPU
		{880D4FD7-D4CC-4A3A-B95E-B2A69A2CF6C3}.Release|Any CPU.Build.0 = Release|Any CPU
		{9E5DCADF-1267-4432-8C98-20E25E5B1838}.Debug|Any CPU.ActiveCfg = Debug|Any CPU
		{9E5DCADF-1267-4432-8C98-20E25E5B1838}.Debug|Any CPU.Build.0 = Debug|Any CPU
		{9E5DCADF-1267-4432-8C98-20E25E5B1838}.Release|Any CPU.ActiveCfg = Release|Any CPU
		{9E5DCADF-1267-4432-8C98-20E25E5B1838}.Release|Any CPU.Build.0 = Release|Any CPU
		{CD517BE8-1AC6-44D8-98B9-6DAC4F168BF5}.Debug|Any CPU.ActiveCfg = Debug|Any CPU
		{CD517BE8-1AC6-44D8-98B9-6DAC4F168BF5}.Debug|Any CPU.Build.0 = Debug|Any CPU
		{CD517BE8-1AC6-44D8-98B9-6DAC4F168BF5}.Release|Any CPU.ActiveCfg = Release|Any CPU
		{CD517BE8-1AC6-44D8-98B9-6DAC4F168BF5}.Release|Any CPU.Build.0 = Release|Any CPU
		{93A3CFFD-39A6-4991-8481-27AA98A4D3FE}.Debug|Any CPU.ActiveCfg = Debug|Any CPU
		{93A3CFFD-39A6-4991-8481-27AA98A4D3FE}.Debug|Any CPU.Build.0 = Debug|Any CPU
		{93A3CFFD-39A6-4991-8481-27AA98A4D3FE}.Release|Any CPU.ActiveCfg = Release|Any CPU
		{93A3CFFD-39A6-4991-8481-27AA98A4D3FE}.Release|Any CPU.Build.0 = Release|Any CPU
		{EB03D391-E47B-4952-838D-0203389D01A0}.Debug|Any CPU.ActiveCfg = Debug|Any CPU
		{EB03D391-E47B-4952-838D-0203389D01A0}.Debug|Any CPU.Build.0 = Debug|Any CPU
		{EB03D391-E47B-4952-838D-0203389D01A0}.Release|Any CPU.ActiveCfg = Release|Any CPU
		{EB03D391-E47B-4952-838D-0203389D01A0}.Release|Any CPU.Build.0 = Release|Any CPU
		{DC58A04D-028A-47D9-A350-0F2245EB789C}.Debug|Any CPU.ActiveCfg = Debug|Any CPU
		{DC58A04D-028A-47D9-A350-0F2245EB789C}.Debug|Any CPU.Build.0 = Debug|Any CPU
		{DC58A04D-028A-47D9-A350-0F2245EB789C}.Release|Any CPU.ActiveCfg = Release|Any CPU
		{DC58A04D-028A-47D9-A350-0F2245EB789C}.Release|Any CPU.Build.0 = Release|Any CPU
		{5D7024F1-414E-496A-B75D-E76B97BD8BF1}.Debug|Any CPU.ActiveCfg = Debug|Any CPU
		{5D7024F1-414E-496A-B75D-E76B97BD8BF1}.Debug|Any CPU.Build.0 = Debug|Any CPU
		{5D7024F1-414E-496A-B75D-E76B97BD8BF1}.Release|Any CPU.ActiveCfg = Release|Any CPU
		{5D7024F1-414E-496A-B75D-E76B97BD8BF1}.Release|Any CPU.Build.0 = Release|Any CPU
		{81BD94A2-BD3D-4FD9-95A2-64DA44FF098C}.Debug|Any CPU.ActiveCfg = Debug|Any CPU
		{81BD94A2-BD3D-4FD9-95A2-64DA44FF098C}.Debug|Any CPU.Build.0 = Debug|Any CPU
		{81BD94A2-BD3D-4FD9-95A2-64DA44FF098C}.Release|Any CPU.ActiveCfg = Release|Any CPU
		{81BD94A2-BD3D-4FD9-95A2-64DA44FF098C}.Release|Any CPU.Build.0 = Release|Any CPU
	EndGlobalSection
	GlobalSection(SolutionProperties) = preSolution
		HideSolutionNode = FALSE
	EndGlobalSection
	GlobalSection(ExtensibilityGlobals) = postSolution
		SolutionGuid = {86FF1AE2-CADD-491C-B7AA-3E98C4527370}
	EndGlobalSection
EndGlobal
